
Microsoft Visual Studio Solution File, Format Version 12.00
# Visual Studio Version 16
VisualStudioVersion = 16.0.30002.166
MinimumVisualStudioVersion = 10.0.40219.1
Project("{9A19103F-16F7-4668-BE54-9A1E7A4F7556}") = "bioResearchSystem.ВLL", "bioResearchSystem.ВLL\bioResearchSystem.ВLL.csproj", "{A88143CA-7395-4DB2-998B-B23DA5D33DED}"
EndProject
Project("{9A19103F-16F7-4668-BE54-9A1E7A4F7556}") = "bioResearchSystem.DAL", "bioResearchSystem.DAL\bioResearchSystem.DAL.csproj", "{AE770BC4-E662-49F3-AF2D-5BC9E2B0A7C2}"
EndProject
Project("{9A19103F-16F7-4668-BE54-9A1E7A4F7556}") = "BioAlgo", "BioAlgo\BioAlgo.csproj", "{EB110477-44E2-44C4-BA38-321B2B1699D0}"
EndProject
Project("{9A19103F-16F7-4668-BE54-9A1E7A4F7556}") = "bioResearchSystem.Models", "bioResearchSystem.Models\bioResearchSystem.Models.csproj", "{F485AA59-5658-4F7A-A613-27DF1A1EE8D4}"
EndProject
Project("{9A19103F-16F7-4668-BE54-9A1E7A4F7556}") = "SciReport", "SciReport\SciReport.csproj", "{22EE8EB3-9761-4B0B-AA47-3014101F8BC8}"
EndProject
Project("{9A19103F-16F7-4668-BE54-9A1E7A4F7556}") = "bioResearchSystem.Web", "bioResearchSystem.Web\bioResearchSystem.Web.csproj", "{2177712D-3E18-466D-9759-CE45A33555C2}"
EndProject
Global
	GlobalSection(SolutionConfigurationPlatforms) = preSolution
		Debug|Any CPU = Debug|Any CPU
		Release|Any CPU = Release|Any CPU
	EndGlobalSection
	GlobalSection(ProjectConfigurationPlatforms) = postSolution
		{A88143CA-7395-4DB2-998B-B23DA5D33DED}.Debug|Any CPU.ActiveCfg = Debug|Any CPU
		{A88143CA-7395-4DB2-998B-B23DA5D33DED}.Debug|Any CPU.Build.0 = Debug|Any CPU
		{A88143CA-7395-4DB2-998B-B23DA5D33DED}.Release|Any CPU.ActiveCfg = Release|Any CPU
		{A88143CA-7395-4DB2-998B-B23DA5D33DED}.Release|Any CPU.Build.0 = Release|Any CPU
		{AE770BC4-E662-49F3-AF2D-5BC9E2B0A7C2}.Debug|Any CPU.ActiveCfg = Debug|Any CPU
		{AE770BC4-E662-49F3-AF2D-5BC9E2B0A7C2}.Debug|Any CPU.Build.0 = Debug|Any CPU
		{AE770BC4-E662-49F3-AF2D-5BC9E2B0A7C2}.Release|Any CPU.ActiveCfg = Release|Any CPU
		{AE770BC4-E662-49F3-AF2D-5BC9E2B0A7C2}.Release|Any CPU.Build.0 = Release|Any CPU
		{EB110477-44E2-44C4-BA38-321B2B1699D0}.Debug|Any CPU.ActiveCfg = Debug|Any CPU
		{EB110477-44E2-44C4-BA38-321B2B1699D0}.Debug|Any CPU.Build.0 = Debug|Any CPU
		{EB110477-44E2-44C4-BA38-321B2B1699D0}.Release|Any CPU.ActiveCfg = Release|Any CPU
		{EB110477-44E2-44C4-BA38-321B2B1699D0}.Release|Any CPU.Build.0 = Release|Any CPU
		{F485AA59-5658-4F7A-A613-27DF1A1EE8D4}.Debug|Any CPU.ActiveCfg = Debug|Any CPU
		{F485AA59-5658-4F7A-A613-27DF1A1EE8D4}.Debug|Any CPU.Build.0 = Debug|Any CPU
		{F485AA59-5658-4F7A-A613-27DF1A1EE8D4}.Release|Any CPU.ActiveCfg = Release|Any CPU
		{F485AA59-5658-4F7A-A613-27DF1A1EE8D4}.Release|Any CPU.Build.0 = Release|Any CPU
		{22EE8EB3-9761-4B0B-AA47-3014101F8BC8}.Debug|Any CPU.ActiveCfg = Debug|Any CPU
		{22EE8EB3-9761-4B0B-AA47-3014101F8BC8}.Debug|Any CPU.Build.0 = Debug|Any CPU
		{22EE8EB3-9761-4B0B-AA47-3014101F8BC8}.Release|Any CPU.ActiveCfg = Release|Any CPU
		{22EE8EB3-9761-4B0B-AA47-3014101F8BC8}.Release|Any CPU.Build.0 = Release|Any CPU
		{2177712D-3E18-466D-9759-CE45A33555C2}.Debug|Any CPU.ActiveCfg = Debug|Any CPU
		{2177712D-3E18-466D-9759-CE45A33555C2}.Debug|Any CPU.Build.0 = Debug|Any CPU
		{2177712D-3E18-466D-9759-CE45A33555C2}.Release|Any CPU.ActiveCfg = Release|Any CPU
		{2177712D-3E18-466D-9759-CE45A33555C2}.Release|Any CPU.Build.0 = Release|Any CPU
	EndGlobalSection
	GlobalSection(SolutionProperties) = preSolution
		HideSolutionNode = FALSE
	EndGlobalSection
	GlobalSection(ExtensibilityGlobals) = postSolution
		SolutionGuid = {CA03BC56-4DCC-4C72-807C-A71CAAAFF815}
	EndGlobalSection
EndGlobal
